
Microsoft Visual Studio Solution File, Format Version 12.00
# Visual Studio 2012
# SharpDevelop 5.1
VisualStudioVersion = 12.0.20827.3
MinimumVisualStudioVersion = 10.0.40219.1
Project("{FAE04EC0-301F-11D3-BF4B-00C04F79EFBC}") = "PlumMod", "PlumMod\PlumMod.csproj", "{6E33147C-86DA-4956-A067-F9F01E9A4CAA}"
EndProject
Global
	GlobalSection(SolutionConfigurationPlatforms) = preSolution
		Debug|Any CPU = Debug|Any CPU
		Release|Any CPU = Release|Any CPU
	EndGlobalSection
	GlobalSection(ProjectConfigurationPlatforms) = postSolution
		{6E33147C-86DA-4956-A067-F9F01E9A4CAA}.Debug|Any CPU.ActiveCfg = Debug|Any CPU
		{6E33147C-86DA-4956-A067-F9F01E9A4CAA}.Debug|Any CPU.Build.0 = Debug|Any CPU
		{6E33147C-86DA-4956-A067-F9F01E9A4CAA}.Release|Any CPU.ActiveCfg = Release|Any CPU
		{6E33147C-86DA-4956-A067-F9F01E9A4CAA}.Release|Any CPU.Build.0 = Release|Any CPU
	EndGlobalSection
EndGlobal
